
Microsoft Visual Studio Solution File, Format Version 12.00
# Visual Studio Version 16
VisualStudioVersion = 16.0.30611.23
MinimumVisualStudioVersion = 10.0.40219.1
Project("{FAE04EC0-301F-11D3-BF4B-00C04F79EFBC}") = "MethodRelaxation", "MethodRelaxation\MethodRelaxation.csproj", "{EDE9EC38-682D-461F-9011-DD5DE7819EEF}"
EndProject
Project("{FAE04EC0-301F-11D3-BF4B-00C04F79EFBC}") = "MethodLotsmana", "MethodLotsmana\MethodLotsmana.csproj", "{99786224-7509-49F8-A0F1-AE26E399A543}"
EndProject
Global
	GlobalSection(SolutionConfigurationPlatforms) = preSolution
		Debug|Any CPU = Debug|Any CPU
		Release|Any CPU = Release|Any CPU
	EndGlobalSection
	GlobalSection(ProjectConfigurationPlatforms) = postSolution
		{EDE9EC38-682D-461F-9011-DD5DE7819EEF}.Debug|Any CPU.ActiveCfg = Debug|Any CPU
		{EDE9EC38-682D-461F-9011-DD5DE7819EEF}.Debug|Any CPU.Build.0 = Debug|Any CPU
		{EDE9EC38-682D-461F-9011-DD5DE7819EEF}.Release|Any CPU.ActiveCfg = Release|Any CPU
		{EDE9EC38-682D-461F-9011-DD5DE7819EEF}.Release|Any CPU.Build.0 = Release|Any CPU
		{99786224-7509-49F8-A0F1-AE26E399A543}.Debug|Any CPU.ActiveCfg = Debug|Any CPU
		{99786224-7509-49F8-A0F1-AE26E399A543}.Debug|Any CPU.Build.0 = Debug|Any CPU
		{99786224-7509-49F8-A0F1-AE26E399A543}.Release|Any CPU.ActiveCfg = Release|Any CPU
		{99786224-7509-49F8-A0F1-AE26E399A543}.Release|Any CPU.Build.0 = Release|Any CPU
	EndGlobalSection
	GlobalSection(SolutionProperties) = preSolution
		HideSolutionNode = FALSE
	EndGlobalSection
	GlobalSection(ExtensibilityGlobals) = postSolution
		SolutionGuid = {409C24EF-B215-4335-8AF2-EDDF4EFFC845}
	EndGlobalSection
EndGlobal
